
Microsoft Visual Studio Solution File, Format Version 12.00
# Visual Studio Version 16
VisualStudioVersion = 16.0.30907.101
MinimumVisualStudioVersion = 10.0.40219.1
Project("{FAE04EC0-301F-11D3-BF4B-00C04F79EFBC}") = "AutofacCircDepResolution", "AutofacCircDepResolution.csproj", "{638AA482-4601-4A40-9AEE-DF250A5D575F}"
EndProject
Global
	GlobalSection(SolutionConfigurationPlatforms) = preSolution
		Debug|Any CPU = Debug|Any CPU
		Release|Any CPU = Release|Any CPU
	EndGlobalSection
	GlobalSection(ProjectConfigurationPlatforms) = postSolution
		{638AA482-4601-4A40-9AEE-DF250A5D575F}.Debug|Any CPU.ActiveCfg = Debug|Any CPU
		{638AA482-4601-4A40-9AEE-DF250A5D575F}.Debug|Any CPU.Build.0 = Debug|Any CPU
		{638AA482-4601-4A40-9AEE-DF250A5D575F}.Release|Any CPU.ActiveCfg = Release|Any CPU
		{638AA482-4601-4A40-9AEE-DF250A5D575F}.Release|Any CPU.Build.0 = Release|Any CPU
	EndGlobalSection
	GlobalSection(SolutionProperties) = preSolution
		HideSolutionNode = FALSE
	EndGlobalSection
	GlobalSection(ExtensibilityGlobals) = postSolution
		SolutionGuid = {E8CA4422-80AB-47D1-B62A-F7D0CC5E5040}
	EndGlobalSection
EndGlobal
